
Microsoft Visual Studio Solution File, Format Version 12.00
# Visual Studio Version 17
VisualStudioVersion = 17.4.33213.308
MinimumVisualStudioVersion = 10.0.40219.1
Project("{FAE04EC0-301F-11D3-BF4B-00C04F79EFBC}") = "TravelTripProje", "TravelTripProje\TravelTripProje.csproj", "{8EF0E71B-5A3B-4D00-ADF5-ACEFABEF9981}"
EndProject
Global
	GlobalSection(SolutionConfigurationPlatforms) = preSolution
		Debug|Any CPU = Debug|Any CPU
		Release|Any CPU = Release|Any CPU
	EndGlobalSection
	GlobalSection(ProjectConfigurationPlatforms) = postSolution
		{8EF0E71B-5A3B-4D00-ADF5-ACEFABEF9981}.Debug|Any CPU.ActiveCfg = Debug|Any CPU
		{8EF0E71B-5A3B-4D00-ADF5-ACEFABEF9981}.Debug|Any CPU.Build.0 = Debug|Any CPU
		{8EF0E71B-5A3B-4D00-ADF5-ACEFABEF9981}.Release|Any CPU.ActiveCfg = Release|Any CPU
		{8EF0E71B-5A3B-4D00-ADF5-ACEFABEF9981}.Release|Any CPU.Build.0 = Release|Any CPU
	EndGlobalSection
	GlobalSection(SolutionProperties) = preSolution
		HideSolutionNode = FALSE
	EndGlobalSection
	GlobalSection(ExtensibilityGlobals) = postSolution
		SolutionGuid = {2140F9F5-11CB-4488-BF49-5B8A5AFF1D59}
	EndGlobalSection
EndGlobal
